
Microsoft Visual Studio Solution File, Format Version 12.00
# Visual Studio 14
VisualStudioVersion = 14.0.23107.0
MinimumVisualStudioVersion = 10.0.40219.1
Project("{FAE04EC0-301F-11D3-BF4B-00C04F79EFBC}") = "hero2", "hero2\hero2.csproj", "{B8586AF2-D64C-4705-BBE3-21BA8FAE4F1E}"
EndProject
Global
	GlobalSection(SolutionConfigurationPlatforms) = preSolution
		Debug|Any CPU = Debug|Any CPU
		Release|Any CPU = Release|Any CPU
	EndGlobalSection
	GlobalSection(ProjectConfigurationPlatforms) = postSolution
		{B8586AF2-D64C-4705-BBE3-21BA8FAE4F1E}.Debug|Any CPU.ActiveCfg = Debug|Any CPU
		{B8586AF2-D64C-4705-BBE3-21BA8FAE4F1E}.Debug|Any CPU.Build.0 = Debug|Any CPU
		{B8586AF2-D64C-4705-BBE3-21BA8FAE4F1E}.Release|Any CPU.ActiveCfg = Release|Any CPU
		{B8586AF2-D64C-4705-BBE3-21BA8FAE4F1E}.Release|Any CPU.Build.0 = Release|Any CPU
	EndGlobalSection
	GlobalSection(SolutionProperties) = preSolution
		HideSolutionNode = FALSE
	EndGlobalSection
EndGlobal
